
Microsoft Visual Studio Solution File, Format Version 12.00
# Visual Studio Version 16
VisualStudioVersion = 16.0.31019.35
MinimumVisualStudioVersion = 10.0.40219.1
Project("{FAE04EC0-301F-11D3-BF4B-00C04F79EFBC}") = "WebAppTutorial", "WebAppTutorial.csproj", "{91CAFA97-5EA2-42B6-9762-BE8E14049E92}"
EndProject
Global
	GlobalSection(SolutionConfigurationPlatforms) = preSolution
		Debug|Any CPU = Debug|Any CPU
		Release|Any CPU = Release|Any CPU
	EndGlobalSection
	GlobalSection(ProjectConfigurationPlatforms) = postSolution
		{91CAFA97-5EA2-42B6-9762-BE8E14049E92}.Debug|Any CPU.ActiveCfg = Debug|Any CPU
		{91CAFA97-5EA2-42B6-9762-BE8E14049E92}.Debug|Any CPU.Build.0 = Debug|Any CPU
		{91CAFA97-5EA2-42B6-9762-BE8E14049E92}.Release|Any CPU.ActiveCfg = Release|Any CPU
		{91CAFA97-5EA2-42B6-9762-BE8E14049E92}.Release|Any CPU.Build.0 = Release|Any CPU
	EndGlobalSection
	GlobalSection(SolutionProperties) = preSolution
		HideSolutionNode = FALSE
	EndGlobalSection
	GlobalSection(ExtensibilityGlobals) = postSolution
		SolutionGuid = {7D47D98D-9799-46E3-AFDC-13FF6764DBF0}
	EndGlobalSection
EndGlobal
